
Microsoft Visual Studio Solution File, Format Version 12.00
# Visual Studio Version 16
VisualStudioVersion = 16.0.31005.135
MinimumVisualStudioVersion = 10.0.40219.1
Project("{FAE04EC0-301F-11D3-BF4B-00C04F79EFBC}") = "KempsterAIRExercise3", "KempsterAIRExercise3\KempsterAIRExercise3.csproj", "{FCA50526-40EB-4853-BE6F-5703C2734F87}"
EndProject
Global
	GlobalSection(SolutionConfigurationPlatforms) = preSolution
		Debug|Any CPU = Debug|Any CPU
		Release|Any CPU = Release|Any CPU
	EndGlobalSection
	GlobalSection(ProjectConfigurationPlatforms) = postSolution
		{FCA50526-40EB-4853-BE6F-5703C2734F87}.Debug|Any CPU.ActiveCfg = Debug|Any CPU
		{FCA50526-40EB-4853-BE6F-5703C2734F87}.Debug|Any CPU.Build.0 = Debug|Any CPU
		{FCA50526-40EB-4853-BE6F-5703C2734F87}.Release|Any CPU.ActiveCfg = Release|Any CPU
		{FCA50526-40EB-4853-BE6F-5703C2734F87}.Release|Any CPU.Build.0 = Release|Any CPU
	EndGlobalSection
	GlobalSection(SolutionProperties) = preSolution
		HideSolutionNode = FALSE
	EndGlobalSection
	GlobalSection(ExtensibilityGlobals) = postSolution
		SolutionGuid = {8F4318F0-F206-43EF-B32A-5B2F01407E86}
	EndGlobalSection
EndGlobal
